
Microsoft Visual Studio Solution File, Format Version 12.00
# Visual Studio Version 16
VisualStudioVersion = 16.0.32106.194
MinimumVisualStudioVersion = 10.0.40219.1
Project("{FAE04EC0-301F-11D3-BF4B-00C04F79EFBC}") = "CardInventory", "CardInventory\CardInventory.csproj", "{3CC50410-B934-4970-8F02-DC30AB63338D}"
EndProject
Global
	GlobalSection(SolutionConfigurationPlatforms) = preSolution
		Debug|Any CPU = Debug|Any CPU
		Release|Any CPU = Release|Any CPU
	EndGlobalSection
	GlobalSection(ProjectConfigurationPlatforms) = postSolution
		{3CC50410-B934-4970-8F02-DC30AB63338D}.Debug|Any CPU.ActiveCfg = Debug|Any CPU
		{3CC50410-B934-4970-8F02-DC30AB63338D}.Debug|Any CPU.Build.0 = Debug|Any CPU
		{3CC50410-B934-4970-8F02-DC30AB63338D}.Release|Any CPU.ActiveCfg = Release|Any CPU
		{3CC50410-B934-4970-8F02-DC30AB63338D}.Release|Any CPU.Build.0 = Release|Any CPU
	EndGlobalSection
	GlobalSection(SolutionProperties) = preSolution
		HideSolutionNode = FALSE
	EndGlobalSection
	GlobalSection(ExtensibilityGlobals) = postSolution
		SolutionGuid = {B2448CC4-30DE-4465-85CF-A0C96C7999A6}
	EndGlobalSection
EndGlobal
